
Microsoft Visual Studio Solution File, Format Version 12.00
# Visual Studio Version 17
VisualStudioVersion = 17.11.35312.102
MinimumVisualStudioVersion = 10.0.40219.1
Project("{FAE04EC0-301F-11D3-BF4B-00C04F79EFBC}") = "GeomeForms", "GeomeForms\GeomeForms.csproj", "{999192E8-5F74-40D7-A59F-BA22985B790F}"
EndProject
Global
	GlobalSection(SolutionConfigurationPlatforms) = preSolution
		Debug|Any CPU = Debug|Any CPU
		Release|Any CPU = Release|Any CPU
	EndGlobalSection
	GlobalSection(ProjectConfigurationPlatforms) = postSolution
		{999192E8-5F74-40D7-A59F-BA22985B790F}.Debug|Any CPU.ActiveCfg = Debug|Any CPU
		{999192E8-5F74-40D7-A59F-BA22985B790F}.Debug|Any CPU.Build.0 = Debug|Any CPU
		{999192E8-5F74-40D7-A59F-BA22985B790F}.Release|Any CPU.ActiveCfg = Release|Any CPU
		{999192E8-5F74-40D7-A59F-BA22985B790F}.Release|Any CPU.Build.0 = Release|Any CPU
	EndGlobalSection
	GlobalSection(SolutionProperties) = preSolution
		HideSolutionNode = FALSE
	EndGlobalSection
	GlobalSection(ExtensibilityGlobals) = postSolution
		SolutionGuid = {A366A90C-A84E-4C7E-B04E-D68B202851F4}
	EndGlobalSection
EndGlobal
